
Microsoft Visual Studio Solution File, Format Version 12.00
# Visual Studio 15
Project("{FAE04EC0-301F-11D3-BF4B-00C04F79EFBC}") = "Assembly-CSharp", "Assembly-CSharp.csproj", "{2D5848F2-7EF8-1244-03C4-43CB514AD3B7}"
EndProject
Project("{FAE04EC0-301F-11D3-BF4B-00C04F79EFBC}") = "Assembly-CSharp-firstpass", "Assembly-CSharp-firstpass.csproj", "{00DCEB18-C1D0-59B6-0E76-39B7932B7D34}"
EndProject
Project("{FAE04EC0-301F-11D3-BF4B-00C04F79EFBC}") = "Assembly-CSharp-Editor", "Assembly-CSharp-Editor.csproj", "{DBFA0AAC-C1A0-11F0-20C8-1E178E21A780}"
EndProject
Project("{FAE04EC0-301F-11D3-BF4B-00C04F79EFBC}") = "Assembly-CSharp-Editor-firstpass", "Assembly-CSharp-Editor-firstpass.csproj", "{2BEF19FC-2C1F-5112-C58D-0057E3480E9E}"
EndProject
Global
	GlobalSection(SolutionConfigurationPlatforms) = preSolution
		Debug|Any CPU = Debug|Any CPU
		Release|Any CPU = Release|Any CPU
	EndGlobalSection
	GlobalSection(ProjectConfigurationPlatforms) = postSolution
		{2D5848F2-7EF8-1244-03C4-43CB514AD3B7}.Debug|Any CPU.ActiveCfg = Debug|Any CPU
		{2D5848F2-7EF8-1244-03C4-43CB514AD3B7}.Debug|Any CPU.Build.0 = Debug|Any CPU
		{2D5848F2-7EF8-1244-03C4-43CB514AD3B7}.Release|Any CPU.ActiveCfg = Release|Any CPU
		{2D5848F2-7EF8-1244-03C4-43CB514AD3B7}.Release|Any CPU.Build.0 = Release|Any CPU
		{00DCEB18-C1D0-59B6-0E76-39B7932B7D34}.Debug|Any CPU.ActiveCfg = Debug|Any CPU
		{00DCEB18-C1D0-59B6-0E76-39B7932B7D34}.Debug|Any CPU.Build.0 = Debug|Any CPU
		{00DCEB18-C1D0-59B6-0E76-39B7932B7D34}.Release|Any CPU.ActiveCfg = Release|Any CPU
		{00DCEB18-C1D0-59B6-0E76-39B7932B7D34}.Release|Any CPU.Build.0 = Release|Any CPU
		{DBFA0AAC-C1A0-11F0-20C8-1E178E21A780}.Debug|Any CPU.ActiveCfg = Debug|Any CPU
		{DBFA0AAC-C1A0-11F0-20C8-1E178E21A780}.Debug|Any CPU.Build.0 = Debug|Any CPU
		{DBFA0AAC-C1A0-11F0-20C8-1E178E21A780}.Release|Any CPU.ActiveCfg = Release|Any CPU
		{DBFA0AAC-C1A0-11F0-20C8-1E178E21A780}.Release|Any CPU.Build.0 = Release|Any CPU
		{2BEF19FC-2C1F-5112-C58D-0057E3480E9E}.Debug|Any CPU.ActiveCfg = Debug|Any CPU
		{2BEF19FC-2C1F-5112-C58D-0057E3480E9E}.Debug|Any CPU.Build.0 = Debug|Any CPU
		{2BEF19FC-2C1F-5112-C58D-0057E3480E9E}.Release|Any CPU.ActiveCfg = Release|Any CPU
		{2BEF19FC-2C1F-5112-C58D-0057E3480E9E}.Release|Any CPU.Build.0 = Release|Any CPU
	EndGlobalSection
	GlobalSection(SolutionProperties) = preSolution
		HideSolutionNode = FALSE
	EndGlobalSection
EndGlobal
